
Microsoft Visual Studio Solution File, Format Version 12.00
# Visual Studio Version 16
VisualStudioVersion = 16.0.29609.76
MinimumVisualStudioVersion = 10.0.40219.1
Project("{9A19103F-16F7-4668-BE54-9A1E7A4F7556}") = "LiveBot.API", "LiveBot.API\LiveBot.API.csproj", "{A671B3C9-1BB7-4A1E-BD1E-92951E10EC5D}"
EndProject
Project("{FAE04EC0-301F-11D3-BF4B-00C04F79EFBC}") = "LiveBot.Core", "LiveBot.Core\LiveBot.Core.csproj", "{EC24F76E-5679-4822-898D-6D97EAD53CFB}"
EndProject
Project("{FAE04EC0-301F-11D3-BF4B-00C04F79EFBC}") = "LiveBot.Repository", "LiveBot.Repository\LiveBot.Repository.csproj", "{53FD8F0C-58AE-47DD-BB43-79C7322A684F}"
EndProject
Global
	GlobalSection(SolutionConfigurationPlatforms) = preSolution
		Debug|Any CPU = Debug|Any CPU
		Release|Any CPU = Release|Any CPU
	EndGlobalSection
	GlobalSection(ProjectConfigurationPlatforms) = postSolution
		{A671B3C9-1BB7-4A1E-BD1E-92951E10EC5D}.Debug|Any CPU.ActiveCfg = Debug|Any CPU
		{A671B3C9-1BB7-4A1E-BD1E-92951E10EC5D}.Debug|Any CPU.Build.0 = Debug|Any CPU
		{A671B3C9-1BB7-4A1E-BD1E-92951E10EC5D}.Release|Any CPU.ActiveCfg = Release|Any CPU
		{A671B3C9-1BB7-4A1E-BD1E-92951E10EC5D}.Release|Any CPU.Build.0 = Release|Any CPU
		{EC24F76E-5679-4822-898D-6D97EAD53CFB}.Debug|Any CPU.ActiveCfg = Debug|Any CPU
		{EC24F76E-5679-4822-898D-6D97EAD53CFB}.Debug|Any CPU.Build.0 = Debug|Any CPU
		{EC24F76E-5679-4822-898D-6D97EAD53CFB}.Release|Any CPU.ActiveCfg = Release|Any CPU
		{EC24F76E-5679-4822-898D-6D97EAD53CFB}.Release|Any CPU.Build.0 = Release|Any CPU
		{53FD8F0C-58AE-47DD-BB43-79C7322A684F}.Debug|Any CPU.ActiveCfg = Debug|Any CPU
		{53FD8F0C-58AE-47DD-BB43-79C7322A684F}.Debug|Any CPU.Build.0 = Debug|Any CPU
		{53FD8F0C-58AE-47DD-BB43-79C7322A684F}.Release|Any CPU.ActiveCfg = Release|Any CPU
		{53FD8F0C-58AE-47DD-BB43-79C7322A684F}.Release|Any CPU.Build.0 = Release|Any CPU
	EndGlobalSection
	GlobalSection(SolutionProperties) = preSolution
		HideSolutionNode = FALSE
	EndGlobalSection
	GlobalSection(ExtensibilityGlobals) = postSolution
		SolutionGuid = {A7BEBFC2-84F3-4E31-B8D6-001D28DD3892}
	EndGlobalSection
EndGlobal
